
Microsoft Visual Studio Solution File, Format Version 12.00
# Visual Studio Version 17
VisualStudioVersion = 17.3.32825.248
MinimumVisualStudioVersion = 10.0.40219.1
Project("{FAE04EC0-301F-11D3-BF4B-00C04F79EFBC}") = "Practice", "Practice\Practice.csproj", "{FD944F37-6062-4DFC-86AE-D649E8117814}"
EndProject
Global
	GlobalSection(SolutionConfigurationPlatforms) = preSolution
		Debug|Any CPU = Debug|Any CPU
		Release|Any CPU = Release|Any CPU
	EndGlobalSection
	GlobalSection(ProjectConfigurationPlatforms) = postSolution
		{FD944F37-6062-4DFC-86AE-D649E8117814}.Debug|Any CPU.ActiveCfg = Debug|Any CPU
		{FD944F37-6062-4DFC-86AE-D649E8117814}.Debug|Any CPU.Build.0 = Debug|Any CPU
		{FD944F37-6062-4DFC-86AE-D649E8117814}.Release|Any CPU.ActiveCfg = Release|Any CPU
		{FD944F37-6062-4DFC-86AE-D649E8117814}.Release|Any CPU.Build.0 = Release|Any CPU
	EndGlobalSection
	GlobalSection(SolutionProperties) = preSolution
		HideSolutionNode = FALSE
	EndGlobalSection
	GlobalSection(ExtensibilityGlobals) = postSolution
		SolutionGuid = {2AA8F3AF-F1D5-4A1F-81C2-993A8199EAE4}
	EndGlobalSection
EndGlobal
