
Microsoft Visual Studio Solution File, Format Version 12.00
# Visual Studio Version 17
VisualStudioVersion = 17.3.32825.248
MinimumVisualStudioVersion = 10.0.40219.1
Project("{FAE04EC0-301F-11D3-BF4B-00C04F79EFBC}") = "SecondService", "SecondService\SecondService.csproj", "{AFF96033-6E1C-4F48-A4F4-EEBE37CF0B07}"
EndProject
Global
	GlobalSection(SolutionConfigurationPlatforms) = preSolution
		Debug|Any CPU = Debug|Any CPU
		Release|Any CPU = Release|Any CPU
	EndGlobalSection
	GlobalSection(ProjectConfigurationPlatforms) = postSolution
		{AFF96033-6E1C-4F48-A4F4-EEBE37CF0B07}.Debug|Any CPU.ActiveCfg = Debug|Any CPU
		{AFF96033-6E1C-4F48-A4F4-EEBE37CF0B07}.Debug|Any CPU.Build.0 = Debug|Any CPU
		{AFF96033-6E1C-4F48-A4F4-EEBE37CF0B07}.Release|Any CPU.ActiveCfg = Release|Any CPU
		{AFF96033-6E1C-4F48-A4F4-EEBE37CF0B07}.Release|Any CPU.Build.0 = Release|Any CPU
	EndGlobalSection
	GlobalSection(SolutionProperties) = preSolution
		HideSolutionNode = FALSE
	EndGlobalSection
	GlobalSection(ExtensibilityGlobals) = postSolution
		SolutionGuid = {28E2ECBB-9D88-4C2A-9515-8176EF94A256}
	EndGlobalSection
EndGlobal
